
Microsoft Visual Studio Solution File, Format Version 12.00
# Visual Studio Version 16
VisualStudioVersion = 16.0.31112.23
MinimumVisualStudioVersion = 10.0.40219.1
Project("{888888A0-9F3D-457C-B088-3A5042F75D52}") = "FlaskWebProject1", "FlaskWebProject1\FlaskWebProject1.pyproj", "{8462AFC7-59D9-4EC6-A969-1AFF86AF0012}"
EndProject
Global
	GlobalSection(SolutionConfigurationPlatforms) = preSolution
		Debug|Any CPU = Debug|Any CPU
		Release|Any CPU = Release|Any CPU
	EndGlobalSection
	GlobalSection(ProjectConfigurationPlatforms) = postSolution
		{8462AFC7-59D9-4EC6-A969-1AFF86AF0012}.Debug|Any CPU.ActiveCfg = Debug|Any CPU
		{8462AFC7-59D9-4EC6-A969-1AFF86AF0012}.Debug|Any CPU.Build.0 = Debug|Any CPU
		{8462AFC7-59D9-4EC6-A969-1AFF86AF0012}.Release|Any CPU.ActiveCfg = Release|Any CPU
		{8462AFC7-59D9-4EC6-A969-1AFF86AF0012}.Release|Any CPU.Build.0 = Release|Any CPU
	EndGlobalSection
	GlobalSection(SolutionProperties) = preSolution
		HideSolutionNode = FALSE
	EndGlobalSection
	GlobalSection(ExtensibilityGlobals) = postSolution
		SolutionGuid = {D32DE0AC-2FBD-4548-A9C2-0DF99A50F42A}
	EndGlobalSection
EndGlobal
